
Microsoft Visual Studio Solution File, Format Version 12.00
# Visual Studio Version 17
VisualStudioVersion = 17.4.33205.214
MinimumVisualStudioVersion = 10.0.40219.1
Project("{FAE04EC0-301F-11D3-BF4B-00C04F79EFBC}") = "zad1", "zad1\zad1.csproj", "{803B0D22-72A4-4C10-8F40-76064B2FF1FB}"
EndProject
Project("{FAE04EC0-301F-11D3-BF4B-00C04F79EFBC}") = "zad2", "zad2\zad2.csproj", "{5D8BAFDA-C0EB-43F7-826C-3A409D6AE354}"
EndProject
Project("{FAE04EC0-301F-11D3-BF4B-00C04F79EFBC}") = "zad3", "zad3\zad3.csproj", "{31B048B1-30B9-43A2-93A1-B9E0EDD5C077}"
EndProject
Project("{FAE04EC0-301F-11D3-BF4B-00C04F79EFBC}") = "zad4", "zad4\zad4.csproj", "{5B77EF89-59A3-40E3-A3CB-203BC7538DA3}"
EndProject
Global
	GlobalSection(SolutionConfigurationPlatforms) = preSolution
		Debug|Any CPU = Debug|Any CPU
		Release|Any CPU = Release|Any CPU
	EndGlobalSection
	GlobalSection(ProjectConfigurationPlatforms) = postSolution
		{803B0D22-72A4-4C10-8F40-76064B2FF1FB}.Debug|Any CPU.ActiveCfg = Debug|Any CPU
		{803B0D22-72A4-4C10-8F40-76064B2FF1FB}.Debug|Any CPU.Build.0 = Debug|Any CPU
		{803B0D22-72A4-4C10-8F40-76064B2FF1FB}.Release|Any CPU.ActiveCfg = Release|Any CPU
		{803B0D22-72A4-4C10-8F40-76064B2FF1FB}.Release|Any CPU.Build.0 = Release|Any CPU
		{5D8BAFDA-C0EB-43F7-826C-3A409D6AE354}.Debug|Any CPU.ActiveCfg = Debug|Any CPU
		{5D8BAFDA-C0EB-43F7-826C-3A409D6AE354}.Debug|Any CPU.Build.0 = Debug|Any CPU
		{5D8BAFDA-C0EB-43F7-826C-3A409D6AE354}.Release|Any CPU.ActiveCfg = Release|Any CPU
		{5D8BAFDA-C0EB-43F7-826C-3A409D6AE354}.Release|Any CPU.Build.0 = Release|Any CPU
		{31B048B1-30B9-43A2-93A1-B9E0EDD5C077}.Debug|Any CPU.ActiveCfg = Debug|Any CPU
		{31B048B1-30B9-43A2-93A1-B9E0EDD5C077}.Debug|Any CPU.Build.0 = Debug|Any CPU
		{31B048B1-30B9-43A2-93A1-B9E0EDD5C077}.Release|Any CPU.ActiveCfg = Release|Any CPU
		{31B048B1-30B9-43A2-93A1-B9E0EDD5C077}.Release|Any CPU.Build.0 = Release|Any CPU
		{5B77EF89-59A3-40E3-A3CB-203BC7538DA3}.Debug|Any CPU.ActiveCfg = Debug|Any CPU
		{5B77EF89-59A3-40E3-A3CB-203BC7538DA3}.Debug|Any CPU.Build.0 = Debug|Any CPU
		{5B77EF89-59A3-40E3-A3CB-203BC7538DA3}.Release|Any CPU.ActiveCfg = Release|Any CPU
		{5B77EF89-59A3-40E3-A3CB-203BC7538DA3}.Release|Any CPU.Build.0 = Release|Any CPU
	EndGlobalSection
	GlobalSection(SolutionProperties) = preSolution
		HideSolutionNode = FALSE
	EndGlobalSection
	GlobalSection(ExtensibilityGlobals) = postSolution
		SolutionGuid = {673ACEC4-B465-49B6-A66F-935FDF70DF13}
	EndGlobalSection
EndGlobal
